{
  "name": "design-artifacts-export-driver",
  "version": "0.0.0",
  "lockfileVersion": 3,
  "requires": true,
  "packages": {
    "": {
      "name": "design-artifacts-export-driver",
      "version": "0.0.0",
      "dependencies": {
        "@design-parity/export-driver": "1.5.1"
      }
    },
    "node_modules/@design-parity/adapter-figma": {
      "version": "1.5.1",
      "resolved": "https://registry.npmjs.org/@design-parity/adapter-figma/-/adapter-figma-1.5.1.tgz",
      "integrity": "sha512-Un7VlyyB9DlGmppmTQ+5aSeP5sfWSzZp/vn0sg8CnjPSnl+B4QfXnDkWXhvIKkHnvcu6xH9gTq+ZEc0m7fVa5g==",
      "license": "Apache-2.0",
      "dependencies": {
        "@design-parity/core": "1.5.1"
      }
    },
    "node_modules/@design-parity/candidate": {
      "version": "1.5.1",
      "resolved": "https://registry.npmjs.org/@design-parity/candidate/-/candidate-1.5.1.tgz",
      "integrity": "sha512-G+jZ79o4hg9UDEuPZIh/J8+V98uPHXSBYKG9hJZs9yTgt/l4rSltR3z+or2PG+mDwKblOYQfbQLXdHJao6jSIw==",
      "license": "Apache-2.0",
      "dependencies": {
        "@design-parity/core": "1.5.1",
        "fflate": "0.8.3"
      }
    },
    "node_modules/@design-parity/catalog-export": {
      "version": "1.5.1",
      "resolved": "https://registry.npmjs.org/@design-parity/catalog-export/-/catalog-export-1.5.1.tgz",
      "integrity": "sha512-pDfO/4VrhsJA9y/KTd2aPbCWC+qGTptrtd75GsXwdLxBCduWCPpVr3KJoi4uXAyr8vdd4ojWkCRc5xlfX8zkqg==",
      "license": "Apache-2.0",
      "dependencies": {
        "@design-parity/core": "1.5.1"
      }
    },
    "node_modules/@design-parity/core": {
      "version": "1.5.1",
      "resolved": "https://registry.npmjs.org/@design-parity/core/-/core-1.5.1.tgz",
      "integrity": "sha512-fb5LcWIELeH75PhyfLhMEtRPLuNJamk48HX3EzI7PUjvkAuRGkGacEgHUEbObdzgoBw/5ERsUR0cJAu8NqhpYg==",
      "license": "Apache-2.0",
      "dependencies": {
        "ajv": "8.20.0"
      },
      "bin": {
        "design-parity-validate-map": "dist/cli/validate-design-map.js",
        "design-parity-validate-tokens": "dist/cli/validate-dtcg.js"
      }
    },
    "node_modules/@design-parity/export-driver": {
      "version": "1.5.1",
      "resolved": "https://registry.npmjs.org/@design-parity/export-driver/-/export-driver-1.5.1.tgz",
      "integrity": "sha512-GEm/2xvzJFYvw+cJq3sg184171De66AHAudUa6eU0sp2jqgCWC2MLY5z4TfebIZvIGgDz1+8SkM3yxn+1aPrWw==",
      "license": "Apache-2.0",
      "dependencies": {
        "@design-parity/adapter-figma": "1.5.1",
        "@design-parity/candidate": "1.5.1",
        "@design-parity/catalog-export": "1.5.1",
        "fflate": "0.8.3",
        "pixelmatch": "7.2.0",
        "playwright": "1.63.0",
        "pngjs": "7.0.0"
      },
      "bin": {
        "design-artifacts": "bin/design-artifacts.mjs"
      },
      "engines": {
        "node": ">=22"
      }
    },
    "node_modules/ajv": {
      "version": "8.20.0",
      "resolved": "https://registry.npmjs.org/ajv/-/ajv-8.20.0.tgz",
      "integrity": "sha512-Thbli+OlOj+iMPYFBVBfJ3OmCAnaSyNn4M1vz9T6Gka5Jt9ba/HIR56joy65tY6kx/FCF5VXNB819Y7/GUrBGA==",
      "license": "MIT",
      "dependencies": {
        "fast-deep-equal": "^3.1.3",
        "fast-uri": "^3.0.1",
        "json-schema-traverse": "^1.0.0",
        "require-from-string": "^2.0.2"
      },
      "funding": {
        "type": "github",
        "url": "https://github.com/sponsors/epoberezkin"
      }
    },
    "node_modules/fast-deep-equal": {
      "version": "3.1.3",
      "resolved": "https://registry.npmjs.org/fast-deep-equal/-/fast-deep-equal-3.1.3.tgz",
      "integrity": "sha512-f3qQ9oQy9j2AhBe/H9VC91wLmKBCCU/gDOnKNAYG5hswO7BLKj09Hc5HYNz9cGI++xlpDCIgDaitVs03ATR84Q==",
      "license": "MIT"
    },
    "node_modules/fast-uri": {
      "version": "3.1.8",
      "resolved": "https://registry.npmjs.org/fast-uri/-/fast-uri-3.1.8.tgz",
      "integrity": "sha512-GZMtZUTNRpOVIECoXwLNZS5xUGE+mVNbTB8h/7Rwh2TFWcBQiPzTgyZi05BF9UMZKkLJv8XBRJTlU7zg8+ZfMg==",
      "funding": [
        {
          "type": "github",
          "url": "https://github.com/sponsors/fastify"
        },
        {
          "type": "opencollective",
          "url": "https://opencollective.com/fastify"
        }
      ],
      "license": "BSD-3-Clause"
    },
    "node_modules/fflate": {
      "version": "0.8.3",
      "resolved": "https://registry.npmjs.org/fflate/-/fflate-0.8.3.tgz",
      "integrity": "sha512-tbZNuJrLwGUp3zshBtdy4W+ORxZuIh8a5ilyIEQDC5rY1f3U20JMry0Ll3WBzU58EZKsEuJFXhb5gwv8CsPvgA==",
      "license": "MIT"
    },
    "node_modules/json-schema-traverse": {
      "version": "1.0.0",
      "resolved": "https://registry.npmjs.org/json-schema-traverse/-/json-schema-traverse-1.0.0.tgz",
      "integrity": "sha512-NM8/P9n3XjXhIZn1lLhkFaACTOURQXjWhV4BA/RnOv8xvgqtqpAX9IO4mRQxSx1Rlo4tqzeqb0sOlruaOy3dug==",
      "license": "MIT"
    },
    "node_modules/pixelmatch": {
      "version": "7.2.0",
      "resolved": "https://registry.npmjs.org/pixelmatch/-/pixelmatch-7.2.0.tgz",
      "integrity": "sha512-xhcb4yHu9sM/G7foGzoLtXYcC0zHEaOXXjRKhGup0fw78Nf2Tkiapv4EQyMzrbcmQPsllAI7DbFY2UT7PlI9Pg==",
      "license": "ISC",
      "dependencies": {
        "pngjs": "^7.0.0"
      },
      "bin": {
        "pixelmatch": "bin/pixelmatch"
      }
    },
    "node_modules/playwright": {
      "version": "1.63.0",
      "resolved": "https://registry.npmjs.org/playwright/-/playwright-1.63.0.tgz",
      "integrity": "sha512-+7ziBLidS4NaNCdt57SUDT+wYmmd5fmiQejUic/kb+YsYSCPyOOE9sebzMjNmQrsnNpDJqd4WHvV/8lfKfUDUg==",
      "license": "Apache-2.0",
      "dependencies": {
        "playwright-core": "1.63.0"
      },
      "bin": {
        "playwright": "cli.js"
      },
      "engines": {
        "node": ">=20"
      }
    },
    "node_modules/playwright-core": {
      "version": "1.63.0",
      "resolved": "https://registry.npmjs.org/playwright-core/-/playwright-core-1.63.0.tgz",
      "integrity": "sha512-rYCsBF/M5HjUch52bbtVONEFjv6Xu8sm8h72dNlR5bzIE1fvC/bxgspzkjSfU+MweEMmPM8KJebG6nnyxo5mCg==",
      "license": "Apache-2.0",
      "bin": {
        "playwright-core": "cli.js"
      },
      "engines": {
        "node": ">=20"
      }
    },
    "node_modules/pngjs": {
      "version": "7.0.0",
      "resolved": "https://registry.npmjs.org/pngjs/-/pngjs-7.0.0.tgz",
      "integrity": "sha512-LKWqWJRhstyYo9pGvgor/ivk2w94eSjE3RGVuzLGlr3NmD8bf7RcYGze1mNdEHRP6TRP6rMuDHk5t44hnTRyow==",
      "license": "MIT",
      "engines": {
        "node": ">=14.19.0"
      }
    },
    "node_modules/require-from-string": {
      "version": "2.0.2",
      "resolved": "https://registry.npmjs.org/require-from-string/-/require-from-string-2.0.2.tgz",
      "integrity": "sha512-Xf0nWe6RseziFMu+Ap9biiUbmplq6S9/p+7w7YXP/JBHhrUDDUhwa+vANyubuqfZWTveU//DYVGsDG7RKL/vEw==",
      "license": "MIT",
      "engines": {
        "node": ">=0.10.0"
      }
    }
  }
}
